<?xml version="1.0" encoding="utf-8"?>
<Project ToolsVersion="4.0" xmlns="http://schemas.microsoft.com/developer/msbuild/2003">
  <ItemGroup>
    <ClInclude Include="Ntp.h" />
    <ClInclude Include="DataBase.h" />
    <ClInclude Include="WinSock2Inc.h" />
    <ClInclude Include="Music.h" />
    <ClInclude Include="Panel.h" />
    <ClInclude Include="Board.h" />
    <ClInclude Include="define.h" />
    <ClInclude Include="Hexagon.h" />
    <ClInclude Include="PentaVertex.h" />
    <ClInclude Include="ElectricShock.h" />
    <ClInclude Include="TouchEffect.h" />
    <ClInclude Include="TouchEffecter.h" />
    <ClInclude Include="EffectDrawer.h" />
    <ClInclude Include="MusicSync.h" />
    <ClInclude Include="Debug.h" />
  </ItemGroup>
  <ItemGroup>
    <ClCompile Include="Ntp.cpp" />
    <ClCompile Include="DataBase.cpp" />
    <ClCompile Include="Panel.cpp" />
    <ClCompile Include="Board.cpp" />
    <ClCompile Include="Hexagon.cpp" />
    <ClCompile Include="PentaVertex.cpp" />
    <ClCompile Include="ElectricShock.cpp" />
    <ClCompile Include="TouchEffect.cpp" />
    <ClCompile Include="TouchEffecter.cpp" />
    <ClCompile Include="EffectDrawer.cpp" />
    <ClCompile Include="MusicSync.cpp" />
    <ClCompile Include="Debug.cpp" />
  </ItemGroup>
</Project>